
Microsoft Visual Studio Solution File, Format Version 12.00
# Visual Studio 15
Project("{FAE04EC0-301F-11D3-BF4B-00C04F79EFBC}") = "SemaineSpe", "Assembly-CSharp.csproj", "{3971A2BC-D8AF-7E6D-4B27-B1053B169C3C}"
EndProject
Global
	GlobalSection(SolutionConfigurationPlatforms) = preSolution
		Debug|Any CPU = Debug|Any CPU
		Release|Any CPU = Release|Any CPU
	EndGlobalSection
	GlobalSection(ProjectConfigurationPlatforms) = postSolution
		{3971A2BC-D8AF-7E6D-4B27-B1053B169C3C}.Debug|Any CPU.ActiveCfg = Debug|Any CPU
		{3971A2BC-D8AF-7E6D-4B27-B1053B169C3C}.Debug|Any CPU.Build.0 = Debug|Any CPU
		{3971A2BC-D8AF-7E6D-4B27-B1053B169C3C}.Release|Any CPU.ActiveCfg = Release|Any CPU
		{3971A2BC-D8AF-7E6D-4B27-B1053B169C3C}.Release|Any CPU.Build.0 = Release|Any CPU
	EndGlobalSection
	GlobalSection(SolutionProperties) = preSolution
		HideSolutionNode = FALSE
	EndGlobalSection
EndGlobal
